
Microsoft Visual Studio Solution File, Format Version 12.00
# Visual Studio 15
VisualStudioVersion = 15.0.27703.2035
MinimumVisualStudioVersion = 10.0.40219.1
Project("{FAE04EC0-301F-11D3-BF4B-00C04F79EFBC}") = "UNBKGo", "UNBKGo\UNBKGo.csproj", "{CCA6E5B7-DA66-4D11-953C-DB2138D6296D}"
EndProject
Project("{FAE04EC0-301F-11D3-BF4B-00C04F79EFBC}") = "UNBKGo.Server", "UNBKGo.Server\UNBKGo.Server.csproj", "{542A0513-D417-48C0-845D-2075139131FC}"
EndProject
Project("{FAE04EC0-301F-11D3-BF4B-00C04F79EFBC}") = "UNBKGo.Service", "UNBKGo.Service\UNBKGo.Service.csproj", "{67B5DAC0-C791-4AAF-8994-BB87549EA9C0}"
EndProject
Project("{FAE04EC0-301F-11D3-BF4B-00C04F79EFBC}") = "UNBKGo.CLI", "UNBKGo.CLI\UNBKGo.CLI.csproj", "{EA6F82D2-3325-44E3-BBB8-2A96F6EB6B01}"
EndProject
Project("{FAE04EC0-301F-11D3-BF4B-00C04F79EFBC}") = "UNBKGo.Admin", "UNBKGo.Admin\UNBKGo.Admin.csproj", "{6074BB6B-7509-43F7-B3E3-8E66E896E85E}"
EndProject
Global
	GlobalSection(SolutionConfigurationPlatforms) = preSolution
		Debug|Any CPU = Debug|Any CPU
		Release|Any CPU = Release|Any CPU
	EndGlobalSection
	GlobalSection(ProjectConfigurationPlatforms) = postSolution
		{CCA6E5B7-DA66-4D11-953C-DB2138D6296D}.Debug|Any CPU.ActiveCfg = Debug|Any CPU
		{CCA6E5B7-DA66-4D11-953C-DB2138D6296D}.Debug|Any CPU.Build.0 = Debug|Any CPU
		{CCA6E5B7-DA66-4D11-953C-DB2138D6296D}.Release|Any CPU.ActiveCfg = Release|Any CPU
		{CCA6E5B7-DA66-4D11-953C-DB2138D6296D}.Release|Any CPU.Build.0 = Release|Any CPU
		{542A0513-D417-48C0-845D-2075139131FC}.Debug|Any CPU.ActiveCfg = Debug|Any CPU
		{542A0513-D417-48C0-845D-2075139131FC}.Debug|Any CPU.Build.0 = Debug|Any CPU
		{542A0513-D417-48C0-845D-2075139131FC}.Release|Any CPU.ActiveCfg = Release|Any CPU
		{542A0513-D417-48C0-845D-2075139131FC}.Release|Any CPU.Build.0 = Release|Any CPU
		{67B5DAC0-C791-4AAF-8994-BB87549EA9C0}.Debug|Any CPU.ActiveCfg = Debug|Any CPU
		{67B5DAC0-C791-4AAF-8994-BB87549EA9C0}.Debug|Any CPU.Build.0 = Debug|Any CPU
		{67B5DAC0-C791-4AAF-8994-BB87549EA9C0}.Release|Any CPU.ActiveCfg = Release|Any CPU
		{67B5DAC0-C791-4AAF-8994-BB87549EA9C0}.Release|Any CPU.Build.0 = Release|Any CPU
		{EA6F82D2-3325-44E3-BBB8-2A96F6EB6B01}.Debug|Any CPU.ActiveCfg = Debug|Any CPU
		{EA6F82D2-3325-44E3-BBB8-2A96F6EB6B01}.Debug|Any CPU.Build.0 = Debug|Any CPU
		{EA6F82D2-3325-44E3-BBB8-2A96F6EB6B01}.Release|Any CPU.ActiveCfg = Release|Any CPU
		{EA6F82D2-3325-44E3-BBB8-2A96F6EB6B01}.Release|Any CPU.Build.0 = Release|Any CPU
		{6074BB6B-7509-43F7-B3E3-8E66E896E85E}.Debug|Any CPU.ActiveCfg = Debug|Any CPU
		{6074BB6B-7509-43F7-B3E3-8E66E896E85E}.Debug|Any CPU.Build.0 = Debug|Any CPU
		{6074BB6B-7509-43F7-B3E3-8E66E896E85E}.Release|Any CPU.ActiveCfg = Release|Any CPU
		{6074BB6B-7509-43F7-B3E3-8E66E896E85E}.Release|Any CPU.Build.0 = Release|Any CPU
	EndGlobalSection
	GlobalSection(SolutionProperties) = preSolution
		HideSolutionNode = FALSE
	EndGlobalSection
	GlobalSection(ExtensibilityGlobals) = postSolution
		SolutionGuid = {B683BE23-4C8C-4249-A9EB-66D14CB9A158}
	EndGlobalSection
EndGlobal
